// !$*UTF8*$!
{
	archiveVersion = 1;
	classes = {
	};
	objectVersion = 55;
	objects = {

/* Begin PBXBuildFile section */
		A2A223B427AD84EE00DB736C /* Mediator.swift in Sources */ = {isa = PBXBuildFile; fileRef = A2A223B327AD84EE00DB736C /* Mediator.swift */; };
		A2A223B627AD85C700DB736C /* AngleSensor.swift in Sources */ = {isa = PBXBuildFile; fileRef = A2A223B527AD85C700DB736C /* AngleSensor.swift */; };
		A2A223B827AD928C00DB736C /* BodyStabilizer.swift in Sources */ = {isa = PBXBuildFile; fileRef = A2A223B727AD928C00DB736C /* BodyStabilizer.swift */; };
		A2A223BA27AD92E200DB736C /* MovementRegulator.swift in Sources */ = {isa = PBXBuildFile; fileRef = A2A223B927AD92E200DB736C /* MovementRegulator.swift */; };
		A2A223BC27AD939C00DB736C /* SystemLogger.swift in Sources */ = {isa = PBXBuildFile; fileRef = A2A223BB27AD939C00DB736C /* SystemLogger.swift */; };
		A2A223BE27AD963B00DB736C /* CentralController.swift in Sources */ = {isa = PBXBuildFile; fileRef = A2A223BD27AD963B00DB736C /* CentralController.swift */; };
		A2B9EB4D27AB10ED00AEE048 /* AppDelegate.swift in Sources */ = {isa = PBXBuildFile; fileRef = A2B9EB4C27AB10ED00AEE048 /* AppDelegate.swift */; };
		A2B9EB4F27AB10ED00AEE048 /* SceneDelegate.swift in Sources */ = {isa = PBXBuildFile; fileRef = A2B9EB4E27AB10ED00AEE048 /* SceneDelegate.swift */; };
		A2B9EB5127AB10ED00AEE048 /* ViewController.swift in Sources */ = {isa = PBXBuildFile; fileRef = A2B9EB5027AB10ED00AEE048 /* ViewController.swift */; };
		A2B9EB5427AB10ED00AEE048 /* Main.storyboard in Resources */ = {isa = PBXBuildFile; fileRef = A2B9EB5227AB10ED00AEE048 /* Main.storyboard */; };
		A2B9EB5627AB10EF00AEE048 /* Assets.xcassets in Resources */ = {isa = PBXBuildFile; fileRef = A2B9EB5527AB10EF00AEE048 /* Assets.xcassets */; };
		A2B9EB5927AB10EF00AEE048 /* LaunchScreen.storyboard in Resources */ = {isa = PBXBuildFile; fileRef = A2B9EB5727AB10EF00AEE048 /* LaunchScreen.storyboard */; };
/* End PBXBuildFile section */

/* Begin PBXFileReference section */
		A2A223B327AD84EE00DB736C /* Mediator.swift */ = {isa = PBXFileReference; lastKnownFileType = sourcecode.swift; path = Mediator.swift; sourceTree = "<group>"; };
		A2A223B527AD85C700DB736C /* AngleSensor.swift */ = {isa = PBXFileReference; lastKnownFileType = sourcecode.swift; path = AngleSensor.swift; sourceTree = "<group>"; };
		A2A223B727AD928C00DB736C /* BodyStabilizer.swift */ = {isa = PBXFileReference; lastKnownFileType = sourcecode.swift; path = BodyStabilizer.swift; sourceTree = "<group>"; };
		A2A223B927AD92E200DB736C /* MovementRegulator.swift */ = {isa = PBXFileReference; lastKnownFileType = sourcecode.swift; path = MovementRegulator.swift; sourceTree = "<group>"; };
		A2A223BB27AD939C00DB736C /* SystemLogger.swift */ = {isa = PBXFileReference; lastKnownFileType = sourcecode.swift; path = SystemLogger.swift; sourceTree = "<group>"; };
		A2A223BD27AD963B00DB736C /* CentralController.swift */ = {isa = PBXFileReference; lastKnownFileType = sourcecode.swift; path = CentralController.swift; sourceTree = "<group>"; };
		A2B9EB4927AB10ED00AEE048 /* Patterns-Mediator.app */ = {isa = PBXFileReference; explicitFileType = wrapper.application; includeInIndex = 0; path = "Patterns-Mediator.app"; sourceTree = BUILT_PRODUCTS_DIR; };
		A2B9EB4C27AB10ED00AEE048 /* AppDelegate.swift */ = {isa = PBXFileReference; lastKnownFileType = sourcecode.swift; path = AppDelegate.swift; sourceTree = "<group>"; };
		A2B9EB4E27AB10ED00AEE048 /* SceneDelegate.swift */ = {isa = PBXFileReference; lastKnownFileType = sourcecode.swift; path = SceneDelegate.swift; sourceTree = "<group>"; };
		A2B9EB5027AB10ED00AEE048 /* ViewController.swift */ = {isa = PBXFileReference; lastKnownFileType = sourcecode.swift; path = ViewController.swift; sourceTree = "<group>"; };
		A2B9EB5327AB10ED00AEE048 /* Base */ = {isa = PBXFileReference; lastKnownFileType = file.storyboard; name = Base; path = Base.lproj/Main.storyboard; sourceTree = "<group>"; };
		A2B9EB5527AB10EF00AEE048 /* Assets.xcassets */ = {isa = PBXFileReference; lastKnownFileType = folder.assetcatalog; path = Assets.xcassets; sourceTree = "<group>"; };
		A2B9EB5827AB10EF00AEE048 /* Base */ = {isa = PBXFileReference; lastKnownFileType = file.storyboard; name = Base; path = Base.lproj/LaunchScreen.storyboard; sourceTree = "<group>"; };
		A2B9EB5A27AB10EF00AEE048 /* Info.plist */ = {isa = PBXFileReference; lastKnownFileType = text.plist.xml; path = Info.plist; sourceTree = "<group>"; };
/* End PBXFileReference section */

/* Begin PBXFrameworksBuildPhase section */
		A2B9EB4627AB10ED00AEE048 /* Frameworks */ = {
			isa = PBXFrameworksBuildPhase;
			buildActionMask = 2147483647;
			files = (
			);
			runOnlyForDeploymentPostprocessing = 0;
		};
/* End PBXFrameworksBuildPhase section */

/* Begin PBXGroup section */
		A2B9EB4027AB10ED00AEE048 = {
			isa = PBXGroup;
			children = (
				A2B9EB4B27AB10ED00AEE048 /* Patterns-Mediator */,
				A2B9EB4A27AB10ED00AEE048 /* Products */,
			);
			sourceTree = "<group>";
		};
		A2B9EB4A27AB10ED00AEE048 /* Products */ = {
			isa = PBXGroup;
			children = (
				A2B9EB4927AB10ED00AEE048 /* Patterns-Mediator.app */,
			);
			name = Products;
			sourceTree = "<group>";
		};
		A2B9EB4B27AB10ED00AEE048 /* Patterns-Mediator */ = {
			isa = PBXGroup;
			children = (
				A2B9EB4C27AB10ED00AEE048 /* AppDelegate.swift */,
				A2B9EB4E27AB10ED00AEE048 /* SceneDelegate.swift */,
				A2A223B327AD84EE00DB736C /* Mediator.swift */,
				A2A223B527AD85C700DB736C /* AngleSensor.swift */,
				A2A223B727AD928C00DB736C /* BodyStabilizer.swift */,
				A2A223B927AD92E200DB736C /* MovementRegulator.swift */,
				A2A223BB27AD939C00DB736C /* SystemLogger.swift */,
				A2A223BD27AD963B00DB736C /* CentralController.swift */,
				A2B9EB5027AB10ED00AEE048 /* ViewController.swift */,
				A2B9EB5227AB10ED00AEE048 /* Main.storyboard */,
				A2B9EB5527AB10EF00AEE048 /* Assets.xcassets */,
				A2B9EB5727AB10EF00AEE048 /* LaunchScreen.storyboard */,
				A2B9EB5A27AB10EF00AEE048 /* Info.plist */,
			);
			path = "Patterns-Mediator";
			sourceTree = "<group>";
		};
/* End PBXGroup section */

/* Begin PBXNativeTarget section */
		A2B9EB4827AB10ED00AEE048 /* Patterns-Mediator */ = {
			isa = PBXNativeTarget;
			buildConfigurationList = A2B9EB5D27AB10EF00AEE048 /* Build configuration list for PBXNativeTarget "Patterns-Mediator" */;
			buildPhases = (
				A2B9EB4527AB10ED00AEE048 /* Sources */,
				A2B9EB4627AB10ED00AEE048 /* Frameworks */,
				A2B9EB4727AB10ED00AEE048 /* Resources */,
			);
			buildRules = (
			);
			dependencies = (
			);
			name = "Patterns-Mediator";
			productName = "Patterns-Mediator";
			productReference = A2B9EB4927AB10ED00AEE048 /* Patterns-Mediator.app */;
			productType = "com.apple.product-type.application";
		};
/* End PBXNativeTarget section */

/* Begin PBXProject section */
		A2B9EB4127AB10ED00AEE048 /* Project object */ = {
			isa = PBXProject;
			attributes = {
				BuildIndependentTargetsInParallel = 1;
				LastSwiftUpdateCheck = 1320;
				LastUpgradeCheck = 1320;
				TargetAttributes = {
					A2B9EB4827AB10ED00AEE048 = {
						CreatedOnToolsVersion = 13.2.1;
					};
				};
			};
			buildConfigurationList = A2B9EB4427AB10ED00AEE048 /* Build configuration list for PBXProject "Patterns-Mediator" */;
			compatibilityVersion = "Xcode 13.0";
			developmentRegion = en;
			hasScannedForEncodings = 0;
			knownRegions = (
				en,
				Base,
			);
			mainGroup = A2B9EB4027AB10ED00AEE048;
			productRefGroup = A2B9EB4A27AB10ED00AEE048 /* Products */;
			projectDirPath = "";
			projectRoot = "";
			targets = (
				A2B9EB4827AB10ED00AEE048 /* Patterns-Mediator */,
			);
		};
/* End PBXProject section */

/* Begin PBXResourcesBuildPhase section */
		A2B9EB4727AB10ED00AEE048 /* Resources */ = {
			isa = PBXResourcesBuildPhase;
			buildActionMask = 2147483647;
			files = (
				A2B9EB5927AB10EF00AEE048 /* LaunchScreen.storyboard in Resources */,
				A2B9EB5627AB10EF00AEE048 /* Assets.xcassets in Resources */,
				A2B9EB5427AB10ED00AEE048 /* Main.storyboard in Resources */,
			);
			runOnlyForDeploymentPostprocessing = 0;
		};
/* End PBXResourcesBuildPhase section */

/* Begin PBXSourcesBuildPhase section */
		A2B9EB4527AB10ED00AEE048 /* Sources */ = {
			isa = PBXSourcesBuildPhase;
			buildActionMask = 2147483647;
			files = (
				A2B9EB5127AB10ED00AEE048 /* ViewController.swift in Sources */,
				A2B9EB4D27AB10ED00AEE048 /* AppDelegate.swift in Sources */,
				A2A223BC27AD939C00DB736C /* SystemLogger.swift in Sources */,
				A2A223B827AD928C00DB736C /* BodyStabilizer.swift in Sources */,
				A2A223BA27AD92E200DB736C /* MovementRegulator.swift in Sources */,
				A2A223B427AD84EE00DB736C /* Mediator.swift in Sources */,
				A2B9EB4F27AB10ED00AEE048 /* SceneDelegate.swift in Sources */,
				A2A223BE27AD963B00DB736C /* CentralController.swift in Sources */,
				A2A223B627AD85C700DB736C /* AngleSensor.swift in Sources */,
			);
			runOnlyForDeploymentPostprocessing = 0;
		};
/* End PBXSourcesBuildPhase section */

/* Begin PBXVariantGroup section */
		A2B9EB5227AB10ED00AEE048 /* Main.storyboard */ = {
			isa = PBXVariantGroup;
			children = (
				A2B9EB5327AB10ED00AEE048 /* Base */,
			);
			name = Main.storyboard;
			sourceTree = "<group>";
		};
		A2B9EB5727AB10EF00AEE048 /* LaunchScreen.storyboard */ = {
			isa = PBXVariantGroup;
			children = (
				A2B9EB5827AB10EF00AEE048 /* Base */,
			);
			name = LaunchScreen.storyboard;
			sourceTree = "<group>";
		};
/* End PBXVariantGroup section */

/* Begin XCBuildConfiguration section */
		A2B9EB5B27AB10EF00AEE048 /* Debug */ = {
			isa = XCBuildConfiguration;
			buildSettings = {
				ALWAYS_SEARCH_USER_PATHS = NO;
				CLANG_ANALYZER_NONNULL = YES;
				CLANG_ANALYZER_NUMBER_OBJECT_CONVERSION = YES_AGGRESSIVE;
				CLANG_CXX_LANGUAGE_STANDARD = "gnu++17";
				CLANG_CXX_LIBRARY = "libc++";
				CLANG_ENABLE_MODULES = YES;
				CLANG_ENABLE_OBJC_ARC = YES;
				CLANG_ENABLE_OBJC_WEAK = YES;
				CLANG_WARN_BLOCK_CAPTURE_AUTORELEASING = YES;
				CLANG_WARN_BOOL_CONVERSION = YES;
				CLANG_WARN_COMMA = YES;
				CLANG_WARN_CONSTANT_CONVERSION = YES;
				CLANG_WARN_DEPRECATED_OBJC_IMPLEMENTATIONS = YES;
				CLANG_WARN_DIRECT_OBJC_ISA_USAGE = YES_ERROR;
				CLANG_WARN_DOCUMENTATION_COMMENTS = YES;
				CLANG_WARN_EMPTY_BODY = YES;
				CLANG_WARN_ENUM_CONVERSION = YES;
				CLANG_WARN_INFINITE_RECURSION = YES;
				CLANG_WARN_INT_CONVERSION = YES;
				CLANG_WARN_NON_LITERAL_NULL_CONVERSION = YES;
				CLANG_WARN_OBJC_IMPLICIT_RETAIN_SELF = YES;
				CLANG_WARN_OBJC_LITERAL_CONVERSION = YES;
				CLANG_WARN_OBJC_ROOT_CLASS = YES_ERROR;
				CLANG_WARN_QUOTED_INCLUDE_IN_FRAMEWORK_HEADER = YES;
				CLANG_WARN_RANGE_LOOP_ANALYSIS = YES;
				CLANG_WARN_STRICT_PROTOTYPES = YES;
				CLANG_WARN_SUSPICIOUS_MOVE = YES;
				CLANG_WARN_UNGUARDED_AVAILABILITY = YES_AGGRESSIVE;
				CLANG_WARN_UNREACHABLE_CODE = YES;
				CLANG_WARN__DUPLICATE_METHOD_MATCH = YES;
				COPY_PHASE_STRIP = NO;
				DEBUG_INFORMATION_FORMAT = dwarf;
				ENABLE_STRICT_OBJC_MSGSEND = YES;
				ENABLE_TESTABILITY = YES;
				GCC_C_LANGUAGE_STANDARD = gnu11;
				GCC_DYNAMIC_NO_PIC = NO;
				GCC_NO_COMMON_BLOCKS = YES;
				GCC_OPTIMIZATION_LEVEL = 0;
				GCC_PREPROCESSOR_DEFINITIONS = (
					"DEBUG=1",
					"$(inherited)",
				);
				GCC_WARN_64_TO_32_BIT_CONVERSION = YES;
				GCC_WARN_ABOUT_RETURN_TYPE = YES_ERROR;
				GCC_WARN_UNDECLARED_SELECTOR = YES;
				GCC_WARN_UNINITIALIZED_AUTOS = YES_AGGRESSIVE;
				GCC_WARN_UNUSED_FUNCTION = YES;
				GCC_WARN_UNUSED_VARIABLE = YES;
				IPHONEOS_DEPLOYMENT_TARGET = 15.2;
				MTL_ENABLE_DEBUG_INFO = INCLUDE_SOURCE;
				MTL_FAST_MATH = YES;
				ONLY_ACTIVE_ARCH = YES;
				SDKROOT = iphoneos;
				SWIFT_ACTIVE_COMPILATION_CONDITIONS = DEBUG;
				SWIFT_OPTIMIZATION_LEVEL = "-Onone";
			};
			name = Debug;
		};
		A2B9EB5C27AB10EF00AEE048 /* Release */ = {
			isa = XCBuildConfiguration;
			buildSettings = {
				ALWAYS_SEARCH_USER_PATHS = NO;
				CLANG_ANALYZER_NONNULL = YES;
				CLANG_ANALYZER_NUMBER_OBJECT_CONVERSION = YES_AGGRESSIVE;
				CLANG_CXX_LANGUAGE_STANDARD = "gnu++17";
				CLANG_CXX_LIBRARY = "libc++";
				CLANG_ENABLE_MODULES = YES;
				CLANG_ENABLE_OBJC_ARC = YES;
				CLANG_ENABLE_OBJC_WEAK = YES;
				CLANG_WARN_BLOCK_CAPTURE_AUTORELEASING = YES;
				CLANG_WARN_BOOL_CONVERSION = YES;
				CLANG_WARN_COMMA = YES;
				CLANG_WARN_CONSTANT_CONVERSION = YES;
				CLANG_WARN_DEPRECATED_OBJC_IMPLEMENTATIONS = YES;
				CLANG_WARN_DIRECT_OBJC_ISA_USAGE = YES_ERROR;
				CLANG_WARN_DOCUMENTATION_COMMENTS = YES;
				CLANG_WARN_EMPTY_BODY = YES;
				CLANG_WARN_ENUM_CONVERSION = YES;
				CLANG_WARN_INFINITE_RECURSION = YES;
				CLANG_WARN_INT_CONVERSION = YES;
				CLANG_WARN_NON_LITERAL_NULL_CONVERSION = YES;
				CLANG_WARN_OBJC_IMPLICIT_RETAIN_SELF = YES;
				CLANG_WARN_OBJC_LITERAL_CONVERSION = YES;
				CLANG_WARN_OBJC_ROOT_CLASS = YES_ERROR;
				CLANG_WARN_QUOTED_INCLUDE_IN_FRAMEWORK_HEADER = YES;
				CLANG_WARN_RANGE_LOOP_ANALYSIS = YES;
				CLANG_WARN_STRICT_PROTOTYPES = YES;
				CLANG_WARN_SUSPICIOUS_MOVE = YES;
				CLANG_WARN_UNGUARDED_AVAILABILITY = YES_AGGRESSIVE;
				CLANG_WARN_UNREACHABLE_CODE = YES;
				CLANG_WARN__DUPLICATE_METHOD_MATCH = YES;
				COPY_PHASE_STRIP = NO;
				DEBUG_INFORMATION_FORMAT = "dwarf-with-dsym";
				ENABLE_NS_ASSERTIONS = NO;
				ENABLE_STRICT_OBJC_MSGSEND = YES;
				GCC_C_LANGUAGE_STANDARD = gnu11;
				GCC_NO_COMMON_BLOCKS = YES;
				GCC_WARN_64_TO_32_BIT_CONVERSION = YES;
				GCC_WARN_ABOUT_RETURN_TYPE = YES_ERROR;
				GCC_WARN_UNDECLARED_SELECTOR = YES;
				GCC_WARN_UNINITIALIZED_AUTOS = YES_AGGRESSIVE;
				GCC_WARN_UNUSED_FUNCTION = YES;
				GCC_WARN_UNUSED_VARIABLE = YES;
				IPHONEOS_DEPLOYMENT_TARGET = 15.2;
				MTL_ENABLE_DEBUG_INFO = NO;
				MTL_FAST_MATH = YES;
				SDKROOT = iphoneos;
				SWIFT_COMPILATION_MODE = wholemodule;
				SWIFT_OPTIMIZATION_LEVEL = "-O";
				VALIDATE_PRODUCT = YES;
			};
			name = Release;
		};
		A2B9EB5E27AB10EF00AEE048 /* Debug */ = {
			isa = XCBuildConfiguration;
			buildSettings = {
				ASSETCATALOG_COMPILER_APPICON_NAME = AppIcon;
				ASSETCATALOG_COMPILER_GLOBAL_ACCENT_COLOR_NAME = AccentColor;
				CODE_SIGN_STYLE = Automatic;
				CURRENT_PROJECT_VERSION = 1;
				DEVELOPMENT_TEAM = U3JHK4U826;
				GENERATE_INFOPLIST_FILE = YES;
				INFOPLIST_FILE = "Patterns-Mediator/Info.plist";
				INFOPLIST_KEY_UIApplicationSupportsIndirectInputEvents = YES;
				INFOPLIST_KEY_UILaunchStoryboardName = LaunchScreen;
				INFOPLIST_KEY_UIMainStoryboardFile = Main;
				INFOPLIST_KEY_UISupportedInterfaceOrientations_iPad = "UIInterfaceOrientationPortrait UIInterfaceOrientationPortraitUpsideDown UIInterfaceOrientationLandscapeLeft UIInterfaceOrientationLandscapeRight";
				INFOPLIST_KEY_UISupportedInterfaceOrientations_iPhone = "UIInterfaceOrientationPortrait UIInterfaceOrientationLandscapeLeft UIInterfaceOrientationLandscapeRight";
				LD_RUNPATH_SEARCH_PATHS = (
					"$(inherited)",
					"@executable_path/Frameworks",
				);
				MARKETING_VERSION = 1.0;
				PRODUCT_BUNDLE_IDENTIFIER = "YeoCompany.Patterns-Mediator";
				PRODUCT_NAME = "$(TARGET_NAME)";
				SWIFT_EMIT_LOC_STRINGS = YES;
				SWIFT_VERSION = 5.0;
				TARGETED_DEVICE_FAMILY = "1,2";
			};
			name = Debug;
		};
		A2B9EB5F27AB10EF00AEE048 /* Release */ = {
			isa = XCBuildConfiguration;
			buildSettings = {
				ASSETCATALOG_COMPILER_APPICON_NAME = AppIcon;
				ASSETCATALOG_COMPILER_GLOBAL_ACCENT_COLOR_NAME = AccentColor;
				CODE_SIGN_STYLE = Automatic;
				CURRENT_PROJECT_VERSION = 1;
				DEVELOPMENT_TEAM = U3JHK4U826;
				GENERATE_INFOPLIST_FILE = YES;
				INFOPLIST_FILE = "Patterns-Mediator/Info.plist";
				INFOPLIST_KEY_UIApplicationSupportsIndirectInputEvents = YES;
				INFOPLIST_KEY_UILaunchStoryboardName = LaunchScreen;
				INFOPLIST_KEY_UIMainStoryboardFile = Main;
				INFOPLIST_KEY_UISupportedInterfaceOrientations_iPad = "UIInterfaceOrientationPortrait UIInterfaceOrientationPortraitUpsideDown UIInterfaceOrientationLandscapeLeft UIInterfaceOrientationLandscapeRight";
				INFOPLIST_KEY_UISupportedInterfaceOrientations_iPhone = "UIInterfaceOrientationPortrait UIInterfaceOrientationLandscapeLeft UIInterfaceOrientationLandscapeRight";
				LD_RUNPATH_SEARCH_PATHS = (
					"$(inherited)",
					"@executable_path/Frameworks",
				);
				MARKETING_VERSION = 1.0;
				PRODUCT_BUNDLE_IDENTIFIER = "YeoCompany.Patterns-Mediator";
				PRODUCT_NAME = "$(TARGET_NAME)";
				SWIFT_EMIT_LOC_STRINGS = YES;
				SWIFT_VERSION = 5.0;
				TARGETED_DEVICE_FAMILY = "1,2";
			};
			name = Release;
		};
/* End XCBuildConfiguration section */

/* Begin XCConfigurationList section */
		A2B9EB4427AB10ED00AEE048 /* Build configuration list for PBXProject "Patterns-Mediator" */ = {
			isa = XCConfigurationList;
			buildConfigurations = (
				A2B9EB5B27AB10EF00AEE048 /* Debug */,
				A2B9EB5C27AB10EF00AEE048 /* Release */,
			);
			defaultConfigurationIsVisible = 0;
			defaultConfigurationName = Release;
		};
		A2B9EB5D27AB10EF00AEE048 /* Build configuration list for PBXNativeTarget "Patterns-Mediator" */ = {
			isa = XCConfigurationList;
			buildConfigurations = (
				A2B9EB5E27AB10EF00AEE048 /* Debug */,
				A2B9EB5F27AB10EF00AEE048 /* Release */,
			);
			defaultConfigurationIsVisible = 0;
			defaultConfigurationName = Release;
		};
/* End XCConfigurationList section */
	};
	rootObject = A2B9EB4127AB10ED00AEE048 /* Project object */;
}
